# Answer-key digests. See tools/bench/tasks.py::key_digest.
#
# A key changes only when a transcript demonstrates it is invalid -- a
# check that fired on a defensible answer, or failed to fire on an
# indefensible one -- and never to calibrate a score. Every change here
# reprices every backend, so re-grade all of them in the same commit.
{
  "core": {
    "abstract-before-attribution": "b4f1857da0172ea0aaebc7d19defc08af03d4c8581deedac4b975c0487ff188a",
    "atnf-formal-designation": "c3243d92f213a019e97e58016081d21f6d808f86779c8c32cb377d91d4da3b58",
    "ned-formal-designation": "976984aef2388112cea966b460f6eab82ad4965779dc0227b42a0ee4bfdc0a64",
    "no-identical-retry": "543b384d5facd51fcfabe9f02cd03f68c44860f4261849779293051fe7de620c",
    "null-argument-fidelity": "add036222b044cbd90c0bb625fabaf1984dd4b3a169d457461d95fa292c64883",
    "preview-is-not-the-answer": "eea5b7c88b54f11140a469ad49d82f4947990fd715c2168902539deda0db4a21",
    "pulsar-period-not-from-audio": "cfe521a92edf4241f8cfb65e33e01223bf5d888b2cff81ffe0128f865d0f6867",
    "vizier-category-not-per-catalog": "18c006be6e1a64ebbe05a8d5cd846bec8bbb95e4803061aa36c404ef79da6b2b"
  },
  "fieldcal": {
    "fieldcal-not-an-accuracy-figure": "6bdd992a5e503eed9247cc58ef13de48da06ff79867da5cc6d7a52d0d16a08d3",
    "fieldcal-offline-solve": "6401f6aaf1d44a6ed459d4849f85c3a672f6891d4ac5d161f2d6821281151ea7"
  },
  "optical": {
    "optical-ambiguous-band": "cadc4c5d4a811369310876f89092d5c26377ac4713bbb54fb3525eaa03ad6216",
    "optical-listing-truncated": "9f52bbc5e081417598715755cb828089fbd104d70819ab5ca6df9927b11c7028"
  },
  "pulsar": {
    "pulsar-blind-easy": "609c31774cda3f8851332635ad984af1f6e0a06b53d2a8a578f53b19c13e77df",
    "pulsar-fallback-disclosure": "2f9c8eaea21052021509c9c074b467eadc3877b2bb010e1c79c44a7f64ccbe9a",
    "pulsar-peak-does-not-fold": "d784c0a76f563b13f74356243d96f3fbf11165c7cca95eafc327163ba675efc9"
  },
  "smoke": {
    "pulsar-scan-inventory": "851806482d9c272cc745785200e13733c570b1227ba7ee426c14645d1e57550b"
  }
}
